
Microsoft Visual Studio Solution File, Format Version 12.00
# Visual Studio Version 17
VisualStudioVersion = 17.0.31903.59
MinimumVisualStudioVersion = 10.0.40219.1
Project("{2150E333-8FDC-42A3-9474-1A3956D46DE8}") = "src", "src", "{25363B17-3A0A-474D-B8DC-40ACDC01ED31}"
EndProject
Project("{FAE04EC0-301F-11D3-BF4B-00C04F79EFBC}") = "Svipp.Api", "src\Svipp.Api\Svipp.Api.csproj", "{40EA704F-D5E6-42A3-B199-43A0F99C5C48}"
EndProject
Project("{FAE04EC0-301F-11D3-BF4B-00C04F79EFBC}") = "Svipp.Application", "src\Svipp.Application\Svipp.Application.csproj", "{48C33A60-D94F-46A9-891D-BAAFCAA8A65D}"
EndProject
Project("{FAE04EC0-301F-11D3-BF4B-00C04F79EFBC}") = "Svipp.Domain", "src\Svipp.Domain\Svipp.Domain.csproj", "{DC459222-8833-4452-B89B-A2C92E4BA775}"
EndProject
Project("{FAE04EC0-301F-11D3-BF4B-00C04F79EFBC}") = "Svipp.Infrastructure", "src\Svipp.Infrastructure\Svipp.Infrastructure.csproj", "{DB1FBB37-E061-472C-82C2-B5F9DFC6BD01}"
EndProject
Global
	GlobalSection(SolutionConfigurationPlatforms) = preSolution
		Debug|Any CPU = Debug|Any CPU
		Release|Any CPU = Release|Any CPU
	EndGlobalSection
	GlobalSection(SolutionProperties) = preSolution
		HideSolutionNode = FALSE
	EndGlobalSection
	GlobalSection(ProjectConfigurationPlatforms) = postSolution
		{40EA704F-D5E6-42A3-B199-43A0F99C5C48}.Debug|Any CPU.ActiveCfg = Debug|Any CPU
		{40EA704F-D5E6-42A3-B199-43A0F99C5C48}.Debug|Any CPU.Build.0 = Debug|Any CPU
		{40EA704F-D5E6-42A3-B199-43A0F99C5C48}.Release|Any CPU.ActiveCfg = Release|Any CPU
		{40EA704F-D5E6-42A3-B199-43A0F99C5C48}.Release|Any CPU.Build.0 = Release|Any CPU
		{48C33A60-D94F-46A9-891D-BAAFCAA8A65D}.Debug|Any CPU.ActiveCfg = Debug|Any CPU
		{48C33A60-D94F-46A9-891D-BAAFCAA8A65D}.Debug|Any CPU.Build.0 = Debug|Any CPU
		{48C33A60-D94F-46A9-891D-BAAFCAA8A65D}.Release|Any CPU.ActiveCfg = Release|Any CPU
		{48C33A60-D94F-46A9-891D-BAAFCAA8A65D}.Release|Any CPU.Build.0 = Release|Any CPU
		{DC459222-8833-4452-B89B-A2C92E4BA775}.Debug|Any CPU.ActiveCfg = Debug|Any CPU
		{DC459222-8833-4452-B89B-A2C92E4BA775}.Debug|Any CPU.Build.0 = Debug|Any CPU
		{DC459222-8833-4452-B89B-A2C92E4BA775}.Release|Any CPU.ActiveCfg = Release|Any CPU
		{DC459222-8833-4452-B89B-A2C92E4BA775}.Release|Any CPU.Build.0 = Release|Any CPU
		{DB1FBB37-E061-472C-82C2-B5F9DFC6BD01}.Debug|Any CPU.ActiveCfg = Debug|Any CPU
		{DB1FBB37-E061-472C-82C2-B5F9DFC6BD01}.Debug|Any CPU.Build.0 = Debug|Any CPU
		{DB1FBB37-E061-472C-82C2-B5F9DFC6BD01}.Release|Any CPU.ActiveCfg = Release|Any CPU
		{DB1FBB37-E061-472C-82C2-B5F9DFC6BD01}.Release|Any CPU.Build.0 = Release|Any CPU
	EndGlobalSection
	GlobalSection(NestedProjects) = preSolution
		{40EA704F-D5E6-42A3-B199-43A0F99C5C48} = {25363B17-3A0A-474D-B8DC-40ACDC01ED31}
		{48C33A60-D94F-46A9-891D-BAAFCAA8A65D} = {25363B17-3A0A-474D-B8DC-40ACDC01ED31}
		{DC459222-8833-4452-B89B-A2C92E4BA775} = {25363B17-3A0A-474D-B8DC-40ACDC01ED31}
		{DB1FBB37-E061-472C-82C2-B5F9DFC6BD01} = {25363B17-3A0A-474D-B8DC-40ACDC01ED31}
	EndGlobalSection
EndGlobal
